
Microsoft Visual Studio Solution File, Format Version 12.00
# Visual Studio Version 17
VisualStudioVersion = 17.11.35312.102
MinimumVisualStudioVersion = 10.0.40219.1
Project("{9A19103F-16F7-4668-BE54-9A1E7A4F7556}") = "SeriesMvc", "SeriesMvc\SeriesMvc.csproj", "{959E1B9C-7836-4CF8-A85D-F38EF38FE632}"
EndProject
Global
	GlobalSection(SolutionConfigurationPlatforms) = preSolution
		Debug|Any CPU = Debug|Any CPU
		Release|Any CPU = Release|Any CPU
	EndGlobalSection
	GlobalSection(ProjectConfigurationPlatforms) = postSolution
		{959E1B9C-7836-4CF8-A85D-F38EF38FE632}.Debug|Any CPU.ActiveCfg = Debug|Any CPU
		{959E1B9C-7836-4CF8-A85D-F38EF38FE632}.Debug|Any CPU.Build.0 = Debug|Any CPU
		{959E1B9C-7836-4CF8-A85D-F38EF38FE632}.Release|Any CPU.ActiveCfg = Release|Any CPU
		{959E1B9C-7836-4CF8-A85D-F38EF38FE632}.Release|Any CPU.Build.0 = Release|Any CPU
	EndGlobalSection
	GlobalSection(SolutionProperties) = preSolution
		HideSolutionNode = FALSE
	EndGlobalSection
	GlobalSection(ExtensibilityGlobals) = postSolution
		SolutionGuid = {06BEE3CA-6D98-4CAE-9078-B51A63C23C3B}
	EndGlobalSection
EndGlobal
